
Microsoft Visual Studio Solution File, Format Version 12.00
# Visual Studio Version 16
VisualStudioVersion = 16.0.29609.76
MinimumVisualStudioVersion = 10.0.40219.1
Project("{FAE04EC0-301F-11D3-BF4B-00C04F79EFBC}") = "UsingCallback", "UsingCallback\UsingCallback.csproj", "{45E0E6AA-0B4C-465F-82CF-4A70340653A5}"
EndProject
Global
	GlobalSection(SolutionConfigurationPlatforms) = preSolution
		Debug|Any CPU = Debug|Any CPU
		Release|Any CPU = Release|Any CPU
	EndGlobalSection
	GlobalSection(ProjectConfigurationPlatforms) = postSolution
		{45E0E6AA-0B4C-465F-82CF-4A70340653A5}.Debug|Any CPU.ActiveCfg = Debug|Any CPU
		{45E0E6AA-0B4C-465F-82CF-4A70340653A5}.Debug|Any CPU.Build.0 = Debug|Any CPU
		{45E0E6AA-0B4C-465F-82CF-4A70340653A5}.Release|Any CPU.ActiveCfg = Release|Any CPU
		{45E0E6AA-0B4C-465F-82CF-4A70340653A5}.Release|Any CPU.Build.0 = Release|Any CPU
	EndGlobalSection
	GlobalSection(SolutionProperties) = preSolution
		HideSolutionNode = FALSE
	EndGlobalSection
	GlobalSection(ExtensibilityGlobals) = postSolution
		SolutionGuid = {ECF95A15-8942-4E56-9C87-C78B5AAC5866}
	EndGlobalSection
EndGlobal
