
Microsoft Visual Studio Solution File, Format Version 12.00
# Visual Studio Version 16
VisualStudioVersion = 16.0.29609.76
MinimumVisualStudioVersion = 10.0.40219.1
Project("{9A19103F-16F7-4668-BE54-9A1E7A4F7556}") = "UsingCallback", "UsingCallback\UsingCallback.csproj", "{45E0E6AA-0B4C-465F-82CF-4A70340653A5}"
EndProject
Project("{9A19103F-16F7-4668-BE54-9A1E7A4F7556}") = "GenericDelegate", "GenericDelegate\GenericDelegate.csproj", "{D2465339-A36C-4383-918C-B60EF7113618}"
EndProject
Project("{9A19103F-16F7-4668-BE54-9A1E7A4F7556}") = "DelegateChains", "DelegateChains\DelegateChains.csproj", "{53E6D1E3-A1D5-4DF5-A908-8057C68D2993}"
EndProject
Project("{9A19103F-16F7-4668-BE54-9A1E7A4F7556}") = "AnonymousMethod", "AnonymousMethod\AnonymousMethod.csproj", "{644C996B-D80D-4549-8287-32A774AE787A}"
EndProject
Project("{9A19103F-16F7-4668-BE54-9A1E7A4F7556}") = "EventPractice", "EventPractice\EventPractice.csproj", "{C0BED4F5-F865-4B74-AB15-3D9BEAA18677}"
EndProject
Project("{9A19103F-16F7-4668-BE54-9A1E7A4F7556}") = "DelegateQuestion1", "DelegateQuestion1\DelegateQuestion1.csproj", "{AAF4EFE9-97BF-4553-8134-B06CD7C063A3}"
EndProject
Project("{9A19103F-16F7-4668-BE54-9A1E7A4F7556}") = "DelegateQuestion2", "DelegateQuestion2\DelegateQuestion2.csproj", "{63809911-4F39-418E-8546-015CADB6DDAA}"
EndProject
Project("{9A19103F-16F7-4668-BE54-9A1E7A4F7556}") = "SimpleLamda", "SimpleLamda\SimpleLamda.csproj", "{E8922D6B-FD28-4C6D-ADDE-B2D3E8E1FF0C}"
EndProject
Project("{9A19103F-16F7-4668-BE54-9A1E7A4F7556}") = "StatementLambda", "StatementLambda\StatementLambda.csproj", "{15F6033B-DC6B-4C86-B10C-6C55CA258041}"
EndProject
Project("{9A19103F-16F7-4668-BE54-9A1E7A4F7556}") = "FuncTest", "FuncTest\FuncTest.csproj", "{3959378B-0D4E-4B31-8CA8-AA3DBE3AA3B7}"
EndProject
Project("{9A19103F-16F7-4668-BE54-9A1E7A4F7556}") = "ActionTest", "ActionTest\ActionTest.csproj", "{AACE3BB4-44B1-4380-B124-B45DECA1308F}"
EndProject
Project("{9A19103F-16F7-4668-BE54-9A1E7A4F7556}") = "UsingExpressionTree", "UsingExpressionTree\UsingExpressionTree.csproj", "{92E9521A-27D3-4851-BBCF-F6DAD0356BA7}"
EndProject
Project("{FAE04EC0-301F-11D3-BF4B-00C04F79EFBC}") = "ExpressionTreeViaLambda", "ExpressionTreeViaLambda\ExpressionTreeViaLambda.csproj", "{54E1A918-A7F2-48D8-8F7E-938DF50833D6}"
EndProject
Project("{FAE04EC0-301F-11D3-BF4B-00C04F79EFBC}") = "ExpressionBodiesMember", "ExpressionBodiesMember\ExpressionBodiesMember.csproj", "{F08CBC5E-13EC-48FD-921C-5B629F8C4E70}"
EndProject
Global
	GlobalSection(SolutionConfigurationPlatforms) = preSolution
		Debug|Any CPU = Debug|Any CPU
		Release|Any CPU = Release|Any CPU
	EndGlobalSection
	GlobalSection(ProjectConfigurationPlatforms) = postSolution
		{45E0E6AA-0B4C-465F-82CF-4A70340653A5}.Debug|Any CPU.ActiveCfg = Debug|Any CPU
		{45E0E6AA-0B4C-465F-82CF-4A70340653A5}.Debug|Any CPU.Build.0 = Debug|Any CPU
		{45E0E6AA-0B4C-465F-82CF-4A70340653A5}.Release|Any CPU.ActiveCfg = Release|Any CPU
		{45E0E6AA-0B4C-465F-82CF-4A70340653A5}.Release|Any CPU.Build.0 = Release|Any CPU
		{D2465339-A36C-4383-918C-B60EF7113618}.Debug|Any CPU.ActiveCfg = Debug|Any CPU
		{D2465339-A36C-4383-918C-B60EF7113618}.Debug|Any CPU.Build.0 = Debug|Any CPU
		{D2465339-A36C-4383-918C-B60EF7113618}.Release|Any CPU.ActiveCfg = Release|Any CPU
		{D2465339-A36C-4383-918C-B60EF7113618}.Release|Any CPU.Build.0 = Release|Any CPU
		{53E6D1E3-A1D5-4DF5-A908-8057C68D2993}.Debug|Any CPU.ActiveCfg = Debug|Any CPU
		{53E6D1E3-A1D5-4DF5-A908-8057C68D2993}.Debug|Any CPU.Build.0 = Debug|Any CPU
		{53E6D1E3-A1D5-4DF5-A908-8057C68D2993}.Release|Any CPU.ActiveCfg = Release|Any CPU
		{53E6D1E3-A1D5-4DF5-A908-8057C68D2993}.Release|Any CPU.Build.0 = Release|Any CPU
		{644C996B-D80D-4549-8287-32A774AE787A}.Debug|Any CPU.ActiveCfg = Debug|Any CPU
		{644C996B-D80D-4549-8287-32A774AE787A}.Debug|Any CPU.Build.0 = Debug|Any CPU
		{644C996B-D80D-4549-8287-32A774AE787A}.Release|Any CPU.ActiveCfg = Release|Any CPU
		{644C996B-D80D-4549-8287-32A774AE787A}.Release|Any CPU.Build.0 = Release|Any CPU
		{C0BED4F5-F865-4B74-AB15-3D9BEAA18677}.Debug|Any CPU.ActiveCfg = Debug|Any CPU
		{C0BED4F5-F865-4B74-AB15-3D9BEAA18677}.Debug|Any CPU.Build.0 = Debug|Any CPU
		{C0BED4F5-F865-4B74-AB15-3D9BEAA18677}.Release|Any CPU.ActiveCfg = Release|Any CPU
		{C0BED4F5-F865-4B74-AB15-3D9BEAA18677}.Release|Any CPU.Build.0 = Release|Any CPU
		{AAF4EFE9-97BF-4553-8134-B06CD7C063A3}.Debug|Any CPU.ActiveCfg = Debug|Any CPU
		{AAF4EFE9-97BF-4553-8134-B06CD7C063A3}.Debug|Any CPU.Build.0 = Debug|Any CPU
		{AAF4EFE9-97BF-4553-8134-B06CD7C063A3}.Release|Any CPU.ActiveCfg = Release|Any CPU
		{AAF4EFE9-97BF-4553-8134-B06CD7C063A3}.Release|Any CPU.Build.0 = Release|Any CPU
		{63809911-4F39-418E-8546-015CADB6DDAA}.Debug|Any CPU.ActiveCfg = Debug|Any CPU
		{63809911-4F39-418E-8546-015CADB6DDAA}.Debug|Any CPU.Build.0 = Debug|Any CPU
		{63809911-4F39-418E-8546-015CADB6DDAA}.Release|Any CPU.ActiveCfg = Release|Any CPU
		{63809911-4F39-418E-8546-015CADB6DDAA}.Release|Any CPU.Build.0 = Release|Any CPU
		{E8922D6B-FD28-4C6D-ADDE-B2D3E8E1FF0C}.Debug|Any CPU.ActiveCfg = Debug|Any CPU
		{E8922D6B-FD28-4C6D-ADDE-B2D3E8E1FF0C}.Debug|Any CPU.Build.0 = Debug|Any CPU
		{E8922D6B-FD28-4C6D-ADDE-B2D3E8E1FF0C}.Release|Any CPU.ActiveCfg = Release|Any CPU
		{E8922D6B-FD28-4C6D-ADDE-B2D3E8E1FF0C}.Release|Any CPU.Build.0 = Release|Any CPU
		{15F6033B-DC6B-4C86-B10C-6C55CA258041}.Debug|Any CPU.ActiveCfg = Debug|Any CPU
		{15F6033B-DC6B-4C86-B10C-6C55CA258041}.Debug|Any CPU.Build.0 = Debug|Any CPU
		{15F6033B-DC6B-4C86-B10C-6C55CA258041}.Release|Any CPU.ActiveCfg = Release|Any CPU
		{15F6033B-DC6B-4C86-B10C-6C55CA258041}.Release|Any CPU.Build.0 = Release|Any CPU
		{3959378B-0D4E-4B31-8CA8-AA3DBE3AA3B7}.Debug|Any CPU.ActiveCfg = Debug|Any CPU
		{3959378B-0D4E-4B31-8CA8-AA3DBE3AA3B7}.Debug|Any CPU.Build.0 = Debug|Any CPU
		{3959378B-0D4E-4B31-8CA8-AA3DBE3AA3B7}.Release|Any CPU.ActiveCfg = Release|Any CPU
		{3959378B-0D4E-4B31-8CA8-AA3DBE3AA3B7}.Release|Any CPU.Build.0 = Release|Any CPU
		{AACE3BB4-44B1-4380-B124-B45DECA1308F}.Debug|Any CPU.ActiveCfg = Debug|Any CPU
		{AACE3BB4-44B1-4380-B124-B45DECA1308F}.Debug|Any CPU.Build.0 = Debug|Any CPU
		{AACE3BB4-44B1-4380-B124-B45DECA1308F}.Release|Any CPU.ActiveCfg = Release|Any CPU
		{AACE3BB4-44B1-4380-B124-B45DECA1308F}.Release|Any CPU.Build.0 = Release|Any CPU
		{92E9521A-27D3-4851-BBCF-F6DAD0356BA7}.Debug|Any CPU.ActiveCfg = Debug|Any CPU
		{92E9521A-27D3-4851-BBCF-F6DAD0356BA7}.Debug|Any CPU.Build.0 = Debug|Any CPU
		{92E9521A-27D3-4851-BBCF-F6DAD0356BA7}.Release|Any CPU.ActiveCfg = Release|Any CPU
		{92E9521A-27D3-4851-BBCF-F6DAD0356BA7}.Release|Any CPU.Build.0 = Release|Any CPU
		{54E1A918-A7F2-48D8-8F7E-938DF50833D6}.Debug|Any CPU.ActiveCfg = Debug|Any CPU
		{54E1A918-A7F2-48D8-8F7E-938DF50833D6}.Debug|Any CPU.Build.0 = Debug|Any CPU
		{54E1A918-A7F2-48D8-8F7E-938DF50833D6}.Release|Any CPU.ActiveCfg = Release|Any CPU
		{54E1A918-A7F2-48D8-8F7E-938DF50833D6}.Release|Any CPU.Build.0 = Release|Any CPU
		{F08CBC5E-13EC-48FD-921C-5B629F8C4E70}.Debug|Any CPU.ActiveCfg = Debug|Any CPU
		{F08CBC5E-13EC-48FD-921C-5B629F8C4E70}.Debug|Any CPU.Build.0 = Debug|Any CPU
		{F08CBC5E-13EC-48FD-921C-5B629F8C4E70}.Release|Any CPU.ActiveCfg = Release|Any CPU
		{F08CBC5E-13EC-48FD-921C-5B629F8C4E70}.Release|Any CPU.Build.0 = Release|Any CPU
	EndGlobalSection
	GlobalSection(SolutionProperties) = preSolution
		HideSolutionNode = FALSE
	EndGlobalSection
	GlobalSection(ExtensibilityGlobals) = postSolution
		SolutionGuid = {ECF95A15-8942-4E56-9C87-C78B5AAC5866}
	EndGlobalSection
EndGlobal
